
Microsoft Visual Studio Solution File, Format Version 12.00
# Visual Studio 15
VisualStudioVersion = 15.0.33919.361
MinimumVisualStudioVersion = 10.0.40219.1
Project("{FAE04EC0-301F-11D3-BF4B-00C04F79EFBC}") = "SocialHelpApp", "SocialHelpApp\SocialHelpApp.csproj", "{F954BAA8-70B7-44A6-B967-CD6BD04DC496}"
EndProject
Global
	GlobalSection(SolutionConfigurationPlatforms) = preSolution
		Debug|Any CPU = Debug|Any CPU
		Release|Any CPU = Release|Any CPU
	EndGlobalSection
	GlobalSection(ProjectConfigurationPlatforms) = postSolution
		{F954BAA8-70B7-44A6-B967-CD6BD04DC496}.Debug|Any CPU.ActiveCfg = Debug|Any CPU
		{F954BAA8-70B7-44A6-B967-CD6BD04DC496}.Debug|Any CPU.Build.0 = Debug|Any CPU
		{F954BAA8-70B7-44A6-B967-CD6BD04DC496}.Release|Any CPU.ActiveCfg = Release|Any CPU
		{F954BAA8-70B7-44A6-B967-CD6BD04DC496}.Release|Any CPU.Build.0 = Release|Any CPU
	EndGlobalSection
	GlobalSection(SolutionProperties) = preSolution
		HideSolutionNode = FALSE
	EndGlobalSection
	GlobalSection(ExtensibilityGlobals) = postSolution
		SolutionGuid = {8325D8AB-6DCE-46BA-B392-365ACF088E99}
	EndGlobalSection
EndGlobal
